
Microsoft Visual Studio Solution File, Format Version 12.00
# Visual Studio 15
VisualStudioVersion = 15.0.28307.1082
MinimumVisualStudioVersion = 10.0.40219.1
Project("{FAE04EC0-301F-11D3-BF4B-00C04F79EFBC}") = "GameDemo", "GameDemo\GameDemo.csproj", "{20E4E360-B691-4815-AB18-22649D7B92D1}"
EndProject
Global
	GlobalSection(SolutionConfigurationPlatforms) = preSolution
		Debug|Any CPU = Debug|Any CPU
		Release|Any CPU = Release|Any CPU
	EndGlobalSection
	GlobalSection(ProjectConfigurationPlatforms) = postSolution
		{20E4E360-B691-4815-AB18-22649D7B92D1}.Debug|Any CPU.ActiveCfg = Debug|Any CPU
		{20E4E360-B691-4815-AB18-22649D7B92D1}.Debug|Any CPU.Build.0 = Debug|Any CPU
		{20E4E360-B691-4815-AB18-22649D7B92D1}.Release|Any CPU.ActiveCfg = Release|Any CPU
		{20E4E360-B691-4815-AB18-22649D7B92D1}.Release|Any CPU.Build.0 = Release|Any CPU
	EndGlobalSection
	GlobalSection(SolutionProperties) = preSolution
		HideSolutionNode = FALSE
	EndGlobalSection
	GlobalSection(ExtensibilityGlobals) = postSolution
		SolutionGuid = {C1F6E86A-A281-415A-881B-607A21A35297}
	EndGlobalSection
EndGlobal
